
Microsoft Visual Studio Solution File, Format Version 12.00
# Visual Studio Version 17
VisualStudioVersion = 17.13.35931.197 d17.13
MinimumVisualStudioVersion = 10.0.40219.1
Project("{8BC9CEB8-8B4A-11D0-8D11-00A0C91BC942}") = "ptpchat", "ptpchat\ptpchat.vcxproj", "{50B01BAD-17CA-4A21-8F4D-3712B160CFCD}"
EndProject
Global
	GlobalSection(SolutionConfigurationPlatforms) = preSolution
		Debug|x64 = Debug|x64
		Debug|x86 = Debug|x86
		Release|x64 = Release|x64
		Release|x86 = Release|x86
	EndGlobalSection
	GlobalSection(ProjectConfigurationPlatforms) = postSolution
		{50B01BAD-17CA-4A21-8F4D-3712B160CFCD}.Debug|x64.ActiveCfg = Debug|x64
		{50B01BAD-17CA-4A21-8F4D-3712B160CFCD}.Debug|x64.Build.0 = Debug|x64
		{50B01BAD-17CA-4A21-8F4D-3712B160CFCD}.Debug|x86.ActiveCfg = Debug|Win32
		{50B01BAD-17CA-4A21-8F4D-3712B160CFCD}.Debug|x86.Build.0 = Debug|Win32
		{50B01BAD-17CA-4A21-8F4D-3712B160CFCD}.Release|x64.ActiveCfg = Release|x64
		{50B01BAD-17CA-4A21-8F4D-3712B160CFCD}.Release|x64.Build.0 = Release|x64
		{50B01BAD-17CA-4A21-8F4D-3712B160CFCD}.Release|x86.ActiveCfg = Release|Win32
		{50B01BAD-17CA-4A21-8F4D-3712B160CFCD}.Release|x86.Build.0 = Release|Win32
	EndGlobalSection
	GlobalSection(SolutionProperties) = preSolution
		HideSolutionNode = FALSE
	EndGlobalSection
	GlobalSection(ExtensibilityGlobals) = postSolution
		SolutionGuid = {8B6396D9-4AE8-46FC-A778-82105960E419}
	EndGlobalSection
EndGlobal
