<?xml version="1.0" encoding="utf-8"?>
<Project ToolsVersion="4.0" xmlns="http://schemas.microsoft.com/developer/msbuild/2003">
  <ItemGroup>
    <Filter Include="Source Files">
      <UniqueIdentifier>{4FC737F1-C7A5-4376-A066-2A32D752A2FF}</UniqueIdentifier>
      <Extensions>cpp;c;cc;cxx;c++;cppm;ixx;def;odl;idl;hpj;bat;asm;asmx</Extensions>
    </Filter>
    <Filter Include="Header Files">
      <UniqueIdentifier>{93995380-89BD-4b04-88EB-625FBE52EBFB}</UniqueIdentifier>
      <Extensions>h;hh;hpp;hxx;h++;hm;inl;inc;ipp;xsd</Extensions>
    </Filter>
    <Filter Include="Resource Files">
      <UniqueIdentifier>{67DA6AB6-F800-4c08-8B7A-83BB121AAD01}</UniqueIdentifier>
      <Extensions>rc;ico;cur;bmp;dlg;rc2;rct;bin;rgs;gif;jpg;jpeg;jpe;resx;tiff;tif;png;wav;mfcribbon-ms</Extensions>
    </Filter>
    <Filter Include="Header Files\Components">
      <UniqueIdentifier>{03ddeffa-a390-425e-984e-20e9a0fd0b64}</UniqueIdentifier>
    </Filter>
    <Filter Include="Source Files\Components">
      <UniqueIdentifier>{ca8310cf-239c-4de8-bc90-a4704d5eb892}</UniqueIdentifier>
    </Filter>
    <Filter Include="Header Files\Network">
      <UniqueIdentifier>{774218fa-0bd2-49d1-9350-d9e2e71e688e}</UniqueIdentifier>
    </Filter>
    <Filter Include="Source Files\Network">
      <UniqueIdentifier>{9225a578-a968-40c9-a77c-0bcf8a59c4fc}</UniqueIdentifier>
    </Filter>
  </ItemGroup>
  <ItemGroup>
    <ClInclude Include="framework.h">
      <Filter>Header Files</Filter>
    </ClInclude>
    <ClInclude Include="targetver.h">
      <Filter>Header Files</Filter>
    </ClInclude>
    <ClInclude Include="Resource.h">
      <Filter>Header Files</Filter>
    </ClInclude>
    <ClInclude Include="ptpchat.h">
      <Filter>Header Files</Filter>
    </ClInclude>
    <ClInclude Include="user_send_textbox.h">
      <Filter>Header Files\Components</Filter>
    </ClInclude>
    <ClInclude Include="chatbox.h">
      <Filter>Header Files\Components</Filter>
    </ClInclude>
    <ClInclude Include="network.h">
      <Filter>Header Files\Network</Filter>
    </ClInclude>
    <ClInclude Include="client.h">
      <Filter>Header Files\Network</Filter>
    </ClInclude>
    <ClInclude Include="server.h">
      <Filter>Header Files\Network</Filter>
    </ClInclude>
    <ClInclude Include="join_dialog.h">
      <Filter>Header Files\Components</Filter>
    </ClInclude>
  </ItemGroup>
  <ItemGroup>
    <ClCompile Include="ptpchat.cpp">
      <Filter>Source Files</Filter>
    </ClCompile>
    <ClCompile Include="user_send_textbox.cpp">
      <Filter>Source Files\Components</Filter>
    </ClCompile>
    <ClCompile Include="chatbox.cpp">
      <Filter>Source Files\Components</Filter>
    </ClCompile>
    <ClCompile Include="network.cpp">
      <Filter>Source Files\Network</Filter>
    </ClCompile>
    <ClCompile Include="server.cpp">
      <Filter>Source Files\Network</Filter>
    </ClCompile>
    <ClCompile Include="client_list.h">
      <Filter>Header Files\Network</Filter>
    </ClCompile>
    <ClCompile Include="join_dialog.cpp">
      <Filter>Source Files\Components</Filter>
    </ClCompile>
  </ItemGroup>
  <ItemGroup>
    <ResourceCompile Include="ptpchat.rc">
      <Filter>Resource Files</Filter>
    </ResourceCompile>
  </ItemGroup>
  <ItemGroup>
    <Image Include="small.ico">
      <Filter>Resource Files</Filter>
    </Image>
    <Image Include="ptpchat.ico">
      <Filter>Resource Files</Filter>
    </Image>
  </ItemGroup>
  <ItemGroup>
    <None Include="chatwind.bin">
      <Filter>Resource Files</Filter>
    </None>
    <None Include="cpp.hint" />
  </ItemGroup>
</Project>